PODS:
  - CocoaLumberjack (2.0.0):
    - CocoaLumberjack/Default (= 2.0.0)
    - CocoaLumberjack/Extensions (= 2.0.0)
  - CocoaLumberjack/Core (2.0.0)
  - CocoaLumberjack/Default (2.0.0):
    - CocoaLumberjack/Core
  - CocoaLumberjack/Extensions (2.0.0):
    - CocoaLumberjack/Default
  - PubNub (4.0.2):
    - CocoaLumberjack (= 2.0.0)

DEPENDENCIES:
  - CocoaLumberjack
  - PubNub (~> 4.0)

SPEC CHECKSUMS:
  CocoaLumberjack: a6f77d987d65dc7ba86b0f84db7d0b9084f77bcb
  PubNub: 008513dcad34fbc41c8e0cb6665641c731ac85e4

COCOAPODS: 0.36.4
